
Microsoft Visual Studio Solution File, Format Version 12.00
# Visual Studio 14
VisualStudioVersion = 14.0.25420.1
MinimumVisualStudioVersion = 10.0.40219.1
Project("{FAE04EC0-301F-11D3-BF4B-00C04F79EFBC}") = "CarShop", "CarShop\CarShop.csproj", "{364F9206-9185-465A-9446-3A9340A10C33}"
EndProject
Project("{FAE04EC0-301F-11D3-BF4B-00C04F79EFBC}") = "BusinessEntities", "BusinessEntities\BusinessEntities.csproj", "{A4DBCB40-DC89-435A-9FFA-CC5BBF8F19E9}"
EndProject
Project("{FAE04EC0-301F-11D3-BF4B-00C04F79EFBC}") = "BusinessServices", "BusinessServices\BusinessServices.csproj", "{6BE72DB4-BD80-45D3-8614-EA413A6B87ED}"
EndProject
Project("{FAE04EC0-301F-11D3-BF4B-00C04F79EFBC}") = "DataModel", "DataModel\DataModel.csproj", "{3D3313DE-8E65-4BE2-8B57-86093DB643C5}"
EndProject
Global
	GlobalSection(SolutionConfigurationPlatforms) = preSolution
		Debug|Any CPU = Debug|Any CPU
		Release|Any CPU = Release|Any CPU
	EndGlobalSection
	GlobalSection(ProjectConfigurationPlatforms) = postSolution
		{364F9206-9185-465A-9446-3A9340A10C33}.Debug|Any CPU.ActiveCfg = Debug|Any CPU
		{364F9206-9185-465A-9446-3A9340A10C33}.Debug|Any CPU.Build.0 = Debug|Any CPU
		{364F9206-9185-465A-9446-3A9340A10C33}.Release|Any CPU.ActiveCfg = Release|Any CPU
		{364F9206-9185-465A-9446-3A9340A10C33}.Release|Any CPU.Build.0 = Release|Any CPU
		{A4DBCB40-DC89-435A-9FFA-CC5BBF8F19E9}.Debug|Any CPU.ActiveCfg = Debug|Any CPU
		{A4DBCB40-DC89-435A-9FFA-CC5BBF8F19E9}.Debug|Any CPU.Build.0 = Debug|Any CPU
		{A4DBCB40-DC89-435A-9FFA-CC5BBF8F19E9}.Release|Any CPU.ActiveCfg = Release|Any CPU
		{A4DBCB40-DC89-435A-9FFA-CC5BBF8F19E9}.Release|Any CPU.Build.0 = Release|Any CPU
		{6BE72DB4-BD80-45D3-8614-EA413A6B87ED}.Debug|Any CPU.ActiveCfg = Debug|Any CPU
		{6BE72DB4-BD80-45D3-8614-EA413A6B87ED}.Debug|Any CPU.Build.0 = Debug|Any CPU
		{6BE72DB4-BD80-45D3-8614-EA413A6B87ED}.Release|Any CPU.ActiveCfg = Release|Any CPU
		{6BE72DB4-BD80-45D3-8614-EA413A6B87ED}.Release|Any CPU.Build.0 = Release|Any CPU
		{3D3313DE-8E65-4BE2-8B57-86093DB643C5}.Debug|Any CPU.ActiveCfg = Debug|Any CPU
		{3D3313DE-8E65-4BE2-8B57-86093DB643C5}.Debug|Any CPU.Build.0 = Debug|Any CPU
		{3D3313DE-8E65-4BE2-8B57-86093DB643C5}.Release|Any CPU.ActiveCfg = Release|Any CPU
		{3D3313DE-8E65-4BE2-8B57-86093DB643C5}.Release|Any CPU.Build.0 = Release|Any CPU
	EndGlobalSection
	GlobalSection(SolutionProperties) = preSolution
		HideSolutionNode = FALSE
	EndGlobalSection
EndGlobal
